
Microsoft Visual Studio Solution File, Format Version 12.00
# Visual Studio 14
VisualStudioVersion = 14.0.25123.0
MinimumVisualStudioVersion = 10.0.40219.1
Project("{FAE04EC0-301F-11D3-BF4B-00C04F79EFBC}") = "Emidium.Jnnm.Web", "Source\Emidium.Jnnm.Web\Emidium.Jnnm.Web.csproj", "{C8970E91-7288-40F6-B348-8D50CCAC3978}"
EndProject
Project("{FAE04EC0-301F-11D3-BF4B-00C04F79EFBC}") = "Emidium.Jnnm.Core", "Source\Emidium.Jnnm.Core\Emidium.Jnnm.Core.csproj", "{5C7AF5D9-45B7-4705-BDED-A7DE88BAB8E0}"
EndProject
Project("{FAE04EC0-301F-11D3-BF4B-00C04F79EFBC}") = "Emidium.Jnnm.CoreTest", "Source\Emidium.Jnnm.CoreTest\Emidium.Jnnm.CoreTest.csproj", "{AAFD3FD5-1CF7-4498-9DF7-F2DC378C3C6B}"
EndProject
Project("{FAE04EC0-301F-11D3-BF4B-00C04F79EFBC}") = "Emidium.Jnnm.Console", "Source\Emidium.Jnnm.Console\Emidium.Jnnm.Console.csproj", "{2380C6EF-3E03-41A4-B53C-DAA890911822}"
EndProject
Project("{FAE04EC0-301F-11D3-BF4B-00C04F79EFBC}") = "Emidium.Jnnm.Build", "Source\Emidium.Jnnm.Build\Emidium.Jnnm.Build.csproj", "{216F053D-949B-46C5-8BF8-DDB6829F2518}"
EndProject
Global
	GlobalSection(SolutionConfigurationPlatforms) = preSolution
		Debug|Any CPU = Debug|Any CPU
		Release|Any CPU = Release|Any CPU
	EndGlobalSection
	GlobalSection(ProjectConfigurationPlatforms) = postSolution
		{C8970E91-7288-40F6-B348-8D50CCAC3978}.Debug|Any CPU.ActiveCfg = Debug|Any CPU
		{C8970E91-7288-40F6-B348-8D50CCAC3978}.Debug|Any CPU.Build.0 = Debug|Any CPU
		{C8970E91-7288-40F6-B348-8D50CCAC3978}.Release|Any CPU.ActiveCfg = Release|Any CPU
		{C8970E91-7288-40F6-B348-8D50CCAC3978}.Release|Any CPU.Build.0 = Release|Any CPU
		{5C7AF5D9-45B7-4705-BDED-A7DE88BAB8E0}.Debug|Any CPU.ActiveCfg = Debug|Any CPU
		{5C7AF5D9-45B7-4705-BDED-A7DE88BAB8E0}.Debug|Any CPU.Build.0 = Debug|Any CPU
		{5C7AF5D9-45B7-4705-BDED-A7DE88BAB8E0}.Release|Any CPU.ActiveCfg = Release|Any CPU
		{5C7AF5D9-45B7-4705-BDED-A7DE88BAB8E0}.Release|Any CPU.Build.0 = Release|Any CPU
		{AAFD3FD5-1CF7-4498-9DF7-F2DC378C3C6B}.Debug|Any CPU.ActiveCfg = Debug|Any CPU
		{AAFD3FD5-1CF7-4498-9DF7-F2DC378C3C6B}.Debug|Any CPU.Build.0 = Debug|Any CPU
		{AAFD3FD5-1CF7-4498-9DF7-F2DC378C3C6B}.Release|Any CPU.ActiveCfg = Release|Any CPU
		{AAFD3FD5-1CF7-4498-9DF7-F2DC378C3C6B}.Release|Any CPU.Build.0 = Release|Any CPU
		{2380C6EF-3E03-41A4-B53C-DAA890911822}.Debug|Any CPU.ActiveCfg = Debug|Any CPU
		{2380C6EF-3E03-41A4-B53C-DAA890911822}.Debug|Any CPU.Build.0 = Debug|Any CPU
		{2380C6EF-3E03-41A4-B53C-DAA890911822}.Release|Any CPU.ActiveCfg = Release|Any CPU
		{2380C6EF-3E03-41A4-B53C-DAA890911822}.Release|Any CPU.Build.0 = Release|Any CPU
		{216F053D-949B-46C5-8BF8-DDB6829F2518}.Debug|Any CPU.ActiveCfg = Debug|Any CPU
		{216F053D-949B-46C5-8BF8-DDB6829F2518}.Debug|Any CPU.Build.0 = Debug|Any CPU
		{216F053D-949B-46C5-8BF8-DDB6829F2518}.Release|Any CPU.ActiveCfg = Release|Any CPU
		{216F053D-949B-46C5-8BF8-DDB6829F2518}.Release|Any CPU.Build.0 = Release|Any CPU
	EndGlobalSection
	GlobalSection(SolutionProperties) = preSolution
		HideSolutionNode = FALSE
	EndGlobalSection
EndGlobal
